{
  "name": "data-visualization-project",
  "lockfileVersion": 3,
  "requires": true,
  "packages": {
    "": {
      "dependencies": {
        "@canvasjs/charts": "^3.10.7"
      }
    },
    "node_modules/@canvasjs/charts": {
      "version": "3.10.7",
      "resolved": "https://registry.npmjs.org/@canvasjs/charts/-/charts-3.10.7.tgz",
      "integrity": "sha512-MQpKs8SZgzajJDctfV9O3RhNoy0EAebrw12jPpQJ5xc0G/UHg+hlGS0QS6LszVRBMxVpEuGqvBcW8SZh6vWK+w=="
    }
  }
}
